{
  "name": "pixmyd",
  "version": "0.1.0",
  "lockfileVersion": 3,
  "requires": true,
  "packages": {
    "": {
      "name": "pixmyd",
      "version": "0.1.0",
      "license": "Apache-2.0",
      "workspaces": [
        "packages/*",
        "apps/studio"
      ],
      "devDependencies": {
        "fflate": "^0.8.3",
        "three": "^0.185.1",
        "typescript": "^5.9.2"
      },
      "engines": {
        "node": ">=22.6"
      }
    },
    "node_modules/@pixmyd/core": {
      "resolved": "packages/core",
      "link": true
    },
    "node_modules/@pixmyd/formats": {
      "resolved": "packages/formats",
      "link": true
    },
    "node_modules/@pixmyd/geo": {
      "resolved": "packages/geo",
      "link": true
    },
    "node_modules/fflate": {
      "version": "0.8.3",
      "resolved": "https://registry.npmjs.org/fflate/-/fflate-0.8.3.tgz",
      "integrity": "sha512-tbZNuJrLwGUp3zshBtdy4W+ORxZuIh8a5ilyIEQDC5rY1f3U20JMry0Ll3WBzU58EZKsEuJFXhb5gwv8CsPvgA==",
      "dev": true,
      "license": "MIT"
    },
    "node_modules/three": {
      "version": "0.185.1",
      "resolved": "https://registry.npmjs.org/three/-/three-0.185.1.tgz",
      "integrity": "sha512-5aojFCXKwnjBRZvUnt3WFfEcvUJgkN5LlijRFN95hMy8WVkG4I0QNcJE+OuWvuJ0bOdStrbfXn0pkd6/QyiAlg==",
      "dev": true,
      "license": "MIT"
    },
    "node_modules/typescript": {
      "version": "5.9.3",
      "resolved": "https://registry.npmjs.org/typescript/-/typescript-5.9.3.tgz",
      "integrity": "sha512-jl1vZzPDinLr9eUt3J/t7V6FgNEw9QjvBPdysz9KfQDD41fQrC2Y4vKQdiaUpFT4bXlb1RHhLpp8wtm6M5TgSw==",
      "dev": true,
      "license": "Apache-2.0",
      "bin": {
        "tsc": "bin/tsc",
        "tsserver": "bin/tsserver"
      },
      "engines": {
        "node": ">=14.17"
      }
    },
    "packages/core": {
      "name": "@pixmyd/core",
      "version": "0.1.0"
    },
    "packages/formats": {
      "name": "@pixmyd/formats",
      "version": "0.1.0",
      "dependencies": {
        "@pixmyd/core": "*"
      }
    },
    "packages/geo": {
      "name": "@pixmyd/geo",
      "version": "0.1.0",
      "dependencies": {
        "@pixmyd/core": "*"
      }
    }
  }
}
